Microsoft Visual Studio Solution File, Format Version 12.00
# Visual Studio Version 17
VisualStudioVersion = 17.5.2.0
MinimumVisualStudioVersion = 10.0.40219.1
Project("{FAE04EC0-301F-11D3-BF4B-00C04F79EFBC}") = "Trimmer", "Trimmer.csproj", "{CBD0F6C0-D079-7666-88BB-79A2EE3D80F8}"
EndProject
Global
	GlobalSection(SolutionConfigurationPlatforms) = preSolution
		Debug|Any CPU = Debug|Any CPU
		Release|Any CPU = Release|Any CPU
	EndGlobalSection
	GlobalSection(ProjectConfigurationPlatforms) = postSolution
		{CBD0F6C0-D079-7666-88BB-79A2EE3D80F8}.Debug|Any CPU.ActiveCfg = Debug|Any CPU
		{CBD0F6C0-D079-7666-88BB-79A2EE3D80F8}.Debug|Any CPU.Build.0 = Debug|Any CPU
		{CBD0F6C0-D079-7666-88BB-79A2EE3D80F8}.Release|Any CPU.ActiveCfg = Release|Any CPU
		{CBD0F6C0-D079-7666-88BB-79A2EE3D80F8}.Release|Any CPU.Build.0 = Release|Any CPU
	EndGlobalSection
	GlobalSection(SolutionProperties) = preSolution
		HideSolutionNode = FALSE
	EndGlobalSection
	GlobalSection(ExtensibilityGlobals) = postSolution
		SolutionGuid = {F1A23138-E26E-4D46-8906-8B1422985C81}
	EndGlobalSection
EndGlobal
